
Microsoft Visual Studio Solution File, Format Version 12.00
# Visual Studio Version 16
VisualStudioVersion = 16.0.30413.136
MinimumVisualStudioVersion = 10.0.40219.1
Project("{FAE04EC0-301F-11D3-BF4B-00C04F79EFBC}") = "YouSource_SortStrategyPattern", "YouSource_SortStrategyPattern.csproj", "{BD613E20-796C-411B-8F6C-8A814DA5450D}"
EndProject
Global
	GlobalSection(SolutionConfigurationPlatforms) = preSolution
		Debug|Any CPU = Debug|Any CPU
		Release|Any CPU = Release|Any CPU
	EndGlobalSection
	GlobalSection(ProjectConfigurationPlatforms) = postSolution
		{BD613E20-796C-411B-8F6C-8A814DA5450D}.Debug|Any CPU.ActiveCfg = Debug|Any CPU
		{BD613E20-796C-411B-8F6C-8A814DA5450D}.Debug|Any CPU.Build.0 = Debug|Any CPU
		{BD613E20-796C-411B-8F6C-8A814DA5450D}.Release|Any CPU.ActiveCfg = Release|Any CPU
		{BD613E20-796C-411B-8F6C-8A814DA5450D}.Release|Any CPU.Build.0 = Release|Any CPU
	EndGlobalSection
	GlobalSection(SolutionProperties) = preSolution
		HideSolutionNode = FALSE
	EndGlobalSection
	GlobalSection(ExtensibilityGlobals) = postSolution
		SolutionGuid = {5141B0E2-635E-40B4-BD5A-EF20F9A46F09}
	EndGlobalSection
EndGlobal
